// !$*UTF8*$!
{
	archiveVersion = 1;
	classes = {
	};
	objectVersion = 77;
	objects = {

/* Begin PBXBuildFile section */
		88DF09E32FB53AB1002F8377 /* Supabase in Frameworks */ = {isa = PBXBuildFile; productRef = 88DF09E22FB53AB1002F8377 /* Supabase */; };
/* End PBXBuildFile section */

/* Begin PBXContainerItemProxy section */
		88935DE32FA8830900F62CF1 /* PBXContainerItemProxy */ = {
			isa = PBXContainerItemProxy;
			containerPortal = 88935DCD2FA8830600F62CF1 /* Project object */;
			proxyType = 1;
			remoteGlobalIDString = 88935DD42FA8830600F62CF1;
			remoteInfo = DooriDoori;
		};
		88935DED2FA8830900F62CF1 /* PBXContainerItemProxy */ = {
			isa = PBXContainerItemProxy;
			containerPortal = 88935DCD2FA8830600F62CF1 /* Project object */;
			proxyType = 1;
			remoteGlobalIDString = 88935DD42FA8830600F62CF1;
			remoteInfo = DooriDoori;
		};
/* End PBXContainerItemProxy section */

/* Begin PBXFileReference section */
		88935DD52FA8830600F62CF1 /* DooriDoori.app */ = {isa = PBXFileReference; explicitFileType = wrapper.application; includeInIndex = 0; path = DooriDoori.app; sourceTree = BUILT_PRODUCTS_DIR; };
		88935DE22FA8830900F62CF1 /* DooriDooriTests.xctest */ = {isa = PBXFileReference; explicitFileType = wrapper.cfbundle; includeInIndex = 0; path = DooriDooriTests.xctest; sourceTree = BUILT_PRODUCTS_DIR; };
		88935DEC2FA8830900F62CF1 /* DooriDooriUITests.xctest */ = {isa = PBXFileReference; explicitFileType = wrapper.cfbundle; includeInIndex = 0; path = DooriDooriUITests.xctest; sourceTree = BUILT_PRODUCTS_DIR; };
/* End PBXFileReference section */

/* Begin PBXFileSystemSynchronizedBuildFileExceptionSet section */
		88DF09EE2FB53D1B002F8377 /* Exceptions for "DooriDoori" folder in "DooriDoori" target */ = {
			isa = PBXFileSystemSynchronizedBuildFileExceptionSet;
			membershipExceptions = (
				Info.plist,
			);
			target = 88935DD42FA8830600F62CF1 /* DooriDoori */;
		};
/* End PBXFileSystemSynchronizedBuildFileExceptionSet section */

/* Begin PBXFileSystemSynchronizedRootGroup section */
		88935DD72FA8830600F62CF1 /* DooriDoori */ = {
			isa = PBXFileSystemSynchronizedRootGroup;
			exceptions = (
				88DF09EE2FB53D1B002F8377 /* Exceptions for "DooriDoori" folder in "DooriDoori" target */,
			);
			path = DooriDoori;
			sourceTree = "<group>";
		};
		88935DE52FA8830900F62CF1 /* DooriDooriTests */ = {
			isa = PBXFileSystemSynchronizedRootGroup;
			path = DooriDooriTests;
			sourceTree = "<group>";
		};
		88935DEF2FA8830900F62CF1 /* DooriDooriUITests */ = {
			isa = PBXFileSystemSynchronizedRootGroup;
			path = DooriDooriUITests;
			sourceTree = "<group>";
		};
/* End PBXFileSystemSynchronizedRootGroup section */

/* Begin PBXFrameworksBuildPhase section */
		88935DD22FA8830600F62CF1 /* Frameworks */ = {
			isa = PBXFrameworksBuildPhase;
			buildActionMask = 2147483647;
			files = (
				88DF09E32FB53AB1002F8377 /* Supabase in Frameworks */,
			);
			runOnlyForDeploymentPostprocessing = 0;
		};
		88935DDF2FA8830900F62CF1 /* Frameworks */ = {
			isa = PBXFrameworksBuildPhase;
			buildActionMask = 2147483647;
			files = (
			);
			runOnlyForDeploymentPostprocessing = 0;
		};
		88935DE92FA8830900F62CF1 /* Frameworks */ = {
			isa = PBXFrameworksBuildPhase;
			buildActionMask = 2147483647;
			files = (
			);
			runOnlyForDeploymentPostprocessing = 0;
		};
/* End PBXFrameworksBuildPhase section */

/* Begin PBXGroup section */
		88935DCC2FA8830600F62CF1 = {
			isa = PBXGroup;
			children = (
				88935DD72FA8830600F62CF1 /* DooriDoori */,
				88935DE52FA8830900F62CF1 /* DooriDooriTests */,
				88935DEF2FA8830900F62CF1 /* DooriDooriUITests */,
				88935DD62FA8830600F62CF1 /* Products */,
			);
			sourceTree = "<group>";
		};
		88935DD62FA8830600F62CF1 /* Products */ = {
			isa = PBXGroup;
			children = (
				88935DD52FA8830600F62CF1 /* DooriDoori.app */,
				88935DE22FA8830900F62CF1 /* DooriDooriTests.xctest */,
				88935DEC2FA8830900F62CF1 /* DooriDooriUITests.xctest */,
			);
			name = Products;
			sourceTree = "<group>";
		};
/* End PBXGroup section */

/* Begin PBXNativeTarget section */
		88935DD42FA8830600F62CF1 /* DooriDoori */ = {
			isa = PBXNativeTarget;
			buildConfigurationList = 88935DF62FA8830900F62CF1 /* Build configuration list for PBXNativeTarget "DooriDoori" */;
			buildPhases = (
				88935DD12FA8830600F62CF1 /* Sources */,
				88935DD22FA8830600F62CF1 /* Frameworks */,
				88935DD32FA8830600F62CF1 /* Resources */,
			);
			buildRules = (
			);
			dependencies = (
			);
			fileSystemSynchronizedGroups = (
				88935DD72FA8830600F62CF1 /* DooriDoori */,
			);
			name = DooriDoori;
			packageProductDependencies = (
				88DF09E22FB53AB1002F8377 /* Supabase */,
			);
			productName = DooriDoori;
			productReference = 88935DD52FA8830600F62CF1 /* DooriDoori.app */;
			productType = "com.apple.product-type.application";
		};
		88935DE12FA8830900F62CF1 /* DooriDooriTests */ = {
			isa = PBXNativeTarget;
			buildConfigurationList = 88935DF92FA8830900F62CF1 /* Build configuration list for PBXNativeTarget "DooriDooriTests" */;
			buildPhases = (
				88935DDE2FA8830900F62CF1 /* Sources */,
				88935DDF2FA8830900F62CF1 /* Frameworks */,
				88935DE02FA8830900F62CF1 /* Resources */,
			);
			buildRules = (
			);
			dependencies = (
				88935DE42FA8830900F62CF1 /* PBXTargetDependency */,
			);
			fileSystemSynchronizedGroups = (
				88935DE52FA8830900F62CF1 /* DooriDooriTests */,
			);
			name = DooriDooriTests;
			packageProductDependencies = (
			);
			productName = DooriDooriTests;
			productReference = 88935DE22FA8830900F62CF1 /* DooriDooriTests.xctest */;
			productType = "com.apple.product-type.bundle.unit-test";
		};
		88935DEB2FA8830900F62CF1 /* DooriDooriUITests */ = {
			isa = PBXNativeTarget;
			buildConfigurationList = 88935DFC2FA8830900F62CF1 /* Build configuration list for PBXNativeTarget "DooriDooriUITests" */;
			buildPhases = (
				88935DE82FA8830900F62CF1 /* Sources */,
				88935DE92FA8830900F62CF1 /* Frameworks */,
				88935DEA2FA8830900F62CF1 /* Resources */,
			);
			buildRules = (
			);
			dependencies = (
				88935DEE2FA8830900F62CF1 /* PBXTargetDependency */,
			);
			fileSystemSynchronizedGroups = (
				88935DEF2FA8830900F62CF1 /* DooriDooriUITests */,
			);
			name = DooriDooriUITests;
			packageProductDependencies = (
			);
			productName = DooriDooriUITests;
			productReference = 88935DEC2FA8830900F62CF1 /* DooriDooriUITests.xctest */;
			productType = "com.apple.product-type.bundle.ui-testing";
		};
/* End PBXNativeTarget section */

/* Begin PBXProject section */
		88935DCD2FA8830600F62CF1 /* Project object */ = {
			isa = PBXProject;
			attributes = {
				BuildIndependentTargetsInParallel = 1;
				LastSwiftUpdateCheck = 2640;
				LastUpgradeCheck = 2640;
				TargetAttributes = {
					88935DD42FA8830600F62CF1 = {
						CreatedOnToolsVersion = 26.4.1;
					};
					88935DE12FA8830900F62CF1 = {
						CreatedOnToolsVersion = 26.4.1;
						TestTargetID = 88935DD42FA8830600F62CF1;
					};
					88935DEB2FA8830900F62CF1 = {
						CreatedOnToolsVersion = 26.4.1;
						TestTargetID = 88935DD42FA8830600F62CF1;
					};
				};
			};
			buildConfigurationList = 88935DD02FA8830600F62CF1 /* Build configuration list for PBXProject "DooriDoori" */;
			developmentRegion = en;
			hasScannedForEncodings = 0;
			knownRegions = (
				en,
				Base,
			);
			mainGroup = 88935DCC2FA8830600F62CF1;
			minimizedProjectReferenceProxies = 1;
			packageReferences = (
				88DF09E12FB53AB1002F8377 /* XCRemoteSwiftPackageReference "supabase-swift" */,
			);
			preferredProjectObjectVersion = 77;
			productRefGroup = 88935DD62FA8830600F62CF1 /* Products */;
			projectDirPath = "";
			projectRoot = "";
			targets = (
				88935DD42FA8830600F62CF1 /* DooriDoori */,
				88935DE12FA8830900F62CF1 /* DooriDooriTests */,
				88935DEB2FA8830900F62CF1 /* DooriDooriUITests */,
			);
		};
/* End PBXProject section */

/* Begin PBXResourcesBuildPhase section */
		88935DD32FA8830600F62CF1 /* Resources */ = {
			isa = PBXResourcesBuildPhase;
			buildActionMask = 2147483647;
			files = (
			);
			runOnlyForDeploymentPostprocessing = 0;
		};
		88935DE02FA8830900F62CF1 /* Resources */ = {
			isa = PBXResourcesBuildPhase;
			buildActionMask = 2147483647;
			files = (
			);
			runOnlyForDeploymentPostprocessing = 0;
		};
		88935DEA2FA8830900F62CF1 /* Resources */ = {
			isa = PBXResourcesBuildPhase;
			buildActionMask = 2147483647;
			files = (
			);
			runOnlyForDeploymentPostprocessing = 0;
		};
/* End PBXResourcesBuildPhase section */

/* Begin PBXSourcesBuildPhase section */
		88935DD12FA8830600F62CF1 /* Sources */ = {
			isa = PBXSourcesBuildPhase;
			buildActionMask = 2147483647;
			files = (
			);
			runOnlyForDeploymentPostprocessing = 0;
		};
		88935DDE2FA8830900F62CF1 /* Sources */ = {
			isa = PBXSourcesBuildPhase;
			buildActionMask = 2147483647;
			files = (
			);
			runOnlyForDeploymentPostprocessing = 0;
		};
		88935DE82FA8830900F62CF1 /* Sources */ = {
			isa = PBXSourcesBuildPhase;
			buildActionMask = 2147483647;
			files = (
			);
			runOnlyForDeploymentPostprocessing = 0;
		};
/* End PBXSourcesBuildPhase section */

/* Begin PBXTargetDependency section */
		88935DE42FA8830900F62CF1 /* PBXTargetDependency */ = {
			isa = PBXTargetDependency;
			target = 88935DD42FA8830600F62CF1 /* DooriDoori */;
			targetProxy = 88935DE32FA8830900F62CF1 /* PBXContainerItemProxy */;
		};
		88935DEE2FA8830900F62CF1 /* PBXTargetDependency */ = {
			isa = PBXTargetDependency;
			target = 88935DD42FA8830600F62CF1 /* DooriDoori */;
			targetProxy = 88935DED2FA8830900F62CF1 /* PBXContainerItemProxy */;
		};
/* End PBXTargetDependency section */

/* Begin XCBuildConfiguration section */
		88935DF42FA8830900F62CF1 /* Debug */ = {
			isa = XCBuildConfiguration;
			baseConfigurationReferenceAnchor = 88935DD72FA8830600F62CF1 /* DooriDoori */;
			baseConfigurationReferenceRelativePath = SupabaseConfig.xcconfig;
			buildSettings = {
				ALWAYS_SEARCH_USER_PATHS = NO;
				ASSETCATALOG_COMPILER_GENERATE_SWIFT_ASSET_SYMBOL_EXTENSIONS = YES;
				CLANG_ANALYZER_NONNULL = YES;
				CLANG_ANALYZER_NUMBER_OBJECT_CONVERSION = YES_AGGRESSIVE;
				CLANG_CXX_LANGUAGE_STANDARD = "gnu++20";
				CLANG_ENABLE_MODULES = YES;
				CLANG_ENABLE_OBJC_ARC = YES;
				CLANG_ENABLE_OBJC_WEAK = YES;
				CLANG_WARN_BLOCK_CAPTURE_AUTORELEASING = YES;
				CLANG_WARN_BOOL_CONVERSION = YES;
				CLANG_WARN_COMMA = YES;
				CLANG_WARN_CONSTANT_CONVERSION = YES;
				CLANG_WARN_DEPRECATED_OBJC_IMPLEMENTATIONS = YES;
				CLANG_WARN_DIRECT_OBJC_ISA_USAGE = YES_ERROR;
				CLANG_WARN_DOCUMENTATION_COMMENTS = YES;
				CLANG_WARN_EMPTY_BODY = YES;
				CLANG_WARN_ENUM_CONVERSION = YES;
				CLANG_WARN_INFINITE_RECURSION = YES;
				CLANG_WARN_INT_CONVERSION = YES;
				CLANG_WARN_NON_LITERAL_NULL_CONVERSION = YES;
				CLANG_WARN_OBJC_IMPLICIT_RETAIN_SELF = YES;
				CLANG_WARN_OBJC_LITERAL_CONVERSION = YES;
				CLANG_WARN_OBJC_ROOT_CLASS = YES_ERROR;
				CLANG_WARN_QUOTED_INCLUDE_IN_FRAMEWORK_HEADER = YES;
				CLANG_WARN_RANGE_LOOP_ANALYSIS = YES;
				CLANG_WARN_STRICT_PROTOTYPES = YES;
				CLANG_WARN_SUSPICIOUS_MOVE = YES;
				CLANG_WARN_UNGUARDED_AVAILABILITY = YES_AGGRESSIVE;
				CLANG_WARN_UNREACHABLE_CODE = YES;
				CLANG_WARN__DUPLICATE_METHOD_MATCH = YES;
				COPY_PHASE_STRIP = NO;
				DEBUG_INFORMATION_FORMAT = dwarf;
				DEVELOPMENT_TEAM = P786RFNH6J;
				ENABLE_STRICT_OBJC_MSGSEND = YES;
				ENABLE_TESTABILITY = YES;
				ENABLE_USER_SCRIPT_SANDBOXING = YES;
				GCC_C_LANGUAGE_STANDARD = gnu17;
				GCC_DYNAMIC_NO_PIC = NO;
				GCC_NO_COMMON_BLOCKS = YES;
				GCC_OPTIMIZATION_LEVEL = 0;
				GCC_PREPROCESSOR_DEFINITIONS = (
					"DEBUG=1",
					"$(inherited)",
				);
				GCC_WARN_64_TO_32_BIT_CONVERSION = YES;
				GCC_WARN_ABOUT_RETURN_TYPE = YES_ERROR;
				GCC_WARN_UNDECLARED_SELECTOR = YES;
				GCC_WARN_UNINITIALIZED_AUTOS = YES_AGGRESSIVE;
				GCC_WARN_UNUSED_FUNCTION = YES;
				GCC_WARN_UNUSED_VARIABLE = YES;
				IPHONEOS_DEPLOYMENT_TARGET = 26.4;
				LOCALIZATION_PREFERS_STRING_CATALOGS = YES;
				MTL_ENABLE_DEBUG_INFO = INCLUDE_SOURCE;
				MTL_FAST_MATH = YES;
				ONLY_ACTIVE_ARCH = YES;
				SDKROOT = iphoneos;
				SWIFT_ACTIVE_COMPILATION_CONDITIONS = "DEBUG $(inherited)";
				SWIFT_OPTIMIZATION_LEVEL = "-Onone";
			};
			name = Debug;
		};
		88935DF52FA8830900F62CF1 /* Release */ = {
			isa = XCBuildConfiguration;
			baseConfigurationReferenceAnchor = 88935DD72FA8830600F62CF1 /* DooriDoori */;
			baseConfigurationReferenceRelativePath = SupabaseConfig.xcconfig;
			buildSettings = {
				ALWAYS_SEARCH_USER_PATHS = NO;
				ASSETCATALOG_COMPILER_GENERATE_SWIFT_ASSET_SYMBOL_EXTENSIONS = YES;
				CLANG_ANALYZER_NONNULL = YES;
				CLANG_ANALYZER_NUMBER_OBJECT_CONVERSION = YES_AGGRESSIVE;
				CLANG_CXX_LANGUAGE_STANDARD = "gnu++20";
				CLANG_ENABLE_MODULES = YES;
				CLANG_ENABLE_OBJC_ARC = YES;
				CLANG_ENABLE_OBJC_WEAK = YES;
				CLANG_WARN_BLOCK_CAPTURE_AUTORELEASING = YES;
				CLANG_WARN_BOOL_CONVERSION = YES;
				CLANG_WARN_COMMA = YES;
				CLANG_WARN_CONSTANT_CONVERSION = YES;
				CLANG_WARN_DEPRECATED_OBJC_IMPLEMENTATIONS = YES;
				CLANG_WARN_DIRECT_OBJC_ISA_USAGE = YES_ERROR;
				CLANG_WARN_DOCUMENTATION_COMMENTS = YES;
				CLANG_WARN_EMPTY_BODY = YES;
				CLANG_WARN_ENUM_CONVERSION = YES;
				CLANG_WARN_INFINITE_RECURSION = YES;
				CLANG_WARN_INT_CONVERSION = YES;
				CLANG_WARN_NON_LITERAL_NULL_CONVERSION = YES;
				CLANG_WARN_OBJC_IMPLICIT_RETAIN_SELF = YES;
				CLANG_WARN_OBJC_LITERAL_CONVERSION = YES;
				CLANG_WARN_OBJC_ROOT_CLASS = YES_ERROR;
				CLANG_WARN_QUOTED_INCLUDE_IN_FRAMEWORK_HEADER = YES;
				CLANG_WARN_RANGE_LOOP_ANALYSIS = YES;
				CLANG_WARN_STRICT_PROTOTYPES = YES;
				CLANG_WARN_SUSPICIOUS_MOVE = YES;
				CLANG_WARN_UNGUARDED_AVAILABILITY = YES_AGGRESSIVE;
				CLANG_WARN_UNREACHABLE_CODE = YES;
				CLANG_WARN__DUPLICATE_METHOD_MATCH = YES;
				COPY_PHASE_STRIP = NO;
				DEBUG_INFORMATION_FORMAT = "dwarf-with-dsym";
				DEVELOPMENT_TEAM = P786RFNH6J;
				ENABLE_NS_ASSERTIONS = NO;
				ENABLE_STRICT_OBJC_MSGSEND = YES;
				ENABLE_USER_SCRIPT_SANDBOXING = YES;
				GCC_C_LANGUAGE_STANDARD = gnu17;
				GCC_NO_COMMON_BLOCKS = YES;
				GCC_WARN_64_TO_32_BIT_CONVERSION = YES;
				GCC_WARN_ABOUT_RETURN_TYPE = YES_ERROR;
				GCC_WARN_UNDECLARED_SELECTOR = YES;
				GCC_WARN_UNINITIALIZED_AUTOS = YES_AGGRESSIVE;
				GCC_WARN_UNUSED_FUNCTION = YES;
				GCC_WARN_UNUSED_VARIABLE = YES;
				IPHONEOS_DEPLOYMENT_TARGET = 26.4;
				LOCALIZATION_PREFERS_STRING_CATALOGS = YES;
				MTL_ENABLE_DEBUG_INFO = NO;
				MTL_FAST_MATH = YES;
				SDKROOT = iphoneos;
				SWIFT_COMPILATION_MODE = wholemodule;
				VALIDATE_PRODUCT = YES;
			};
			name = Release;
		};
		88935DF72FA8830900F62CF1 /* Debug */ = {
			isa = XCBuildConfiguration;
			baseConfigurationReferenceAnchor = 88935DD72FA8830600F62CF1 /* DooriDoori */;
			baseConfigurationReferenceRelativePath = SupabaseConfig.xcconfig;
			buildSettings = {
				ASSETCATALOG_COMPILER_APPICON_NAME = AppIcon;
				ASSETCATALOG_COMPILER_GLOBAL_ACCENT_COLOR_NAME = AccentColor;
				CODE_SIGN_STYLE = Automatic;
				CURRENT_PROJECT_VERSION = 1;
				DEVELOPMENT_TEAM = P786RFNH6J;
				ENABLE_PREVIEWS = YES;
				GENERATE_INFOPLIST_FILE = YES;
				INFOPLIST_FILE = DooriDoori/Info.plist;
				INFOPLIST_KEY_UIApplicationSceneManifest_Generation = YES;
				INFOPLIST_KEY_UIApplicationSupportsIndirectInputEvents = YES;
				INFOPLIST_KEY_UILaunchScreen_Generation = YES;
				INFOPLIST_KEY_UISupportedInterfaceOrientations_iPad = "UIInterfaceOrientationPortrait UIInterfaceOrientationPortraitUpsideDown UIInterfaceOrientationLandscapeLeft UIInterfaceOrientationLandscapeRight";
				INFOPLIST_KEY_UISupportedInterfaceOrientations_iPhone = "UIInterfaceOrientationPortrait UIInterfaceOrientationLandscapeLeft UIInterfaceOrientationLandscapeRight";
				LD_RUNPATH_SEARCH_PATHS = (
					"$(inherited)",
					"@executable_path/Frameworks",
				);
				MARKETING_VERSION = 1.0;
				PRODUCT_BUNDLE_IDENTIFIER = com.sungjunlee.DooriDoori;
				PRODUCT_NAME = "$(TARGET_NAME)";
				STRING_CATALOG_GENERATE_SYMBOLS = YES;
				SWIFT_APPROACHABLE_CONCURRENCY = YES;
				SWIFT_DEFAULT_ACTOR_ISOLATION = MainActor;
				SWIFT_EMIT_LOC_STRINGS = YES;
				SWIFT_UPCOMING_FEATURE_MEMBER_IMPORT_VISIBILITY = YES;
				SWIFT_VERSION = 5.0;
				TARGETED_DEVICE_FAMILY = "1,2";
			};
			name = Debug;
		};
		88935DF82FA8830900F62CF1 /* Release */ = {
			isa = XCBuildConfiguration;
			baseConfigurationReferenceAnchor = 88935DD72FA8830600F62CF1 /* DooriDoori */;
			baseConfigurationReferenceRelativePath = SupabaseConfig.xcconfig;
			buildSettings = {
				ASSETCATALOG_COMPILER_APPICON_NAME = AppIcon;
				ASSETCATALOG_COMPILER_GLOBAL_ACCENT_COLOR_NAME = AccentColor;
				CODE_SIGN_STYLE = Automatic;
				CURRENT_PROJECT_VERSION = 1;
				DEVELOPMENT_TEAM = P786RFNH6J;
				ENABLE_PREVIEWS = YES;
				GENERATE_INFOPLIST_FILE = YES;
				INFOPLIST_FILE = DooriDoori/Info.plist;
				INFOPLIST_KEY_UIApplicationSceneManifest_Generation = YES;
				INFOPLIST_KEY_UIApplicationSupportsIndirectInputEvents = YES;
				INFOPLIST_KEY_UILaunchScreen_Generation = YES;
				INFOPLIST_KEY_UISupportedInterfaceOrientations_iPad = "UIInterfaceOrientationPortrait UIInterfaceOrientationPortraitUpsideDown UIInterfaceOrientationLandscapeLeft UIInterfaceOrientationLandscapeRight";
				INFOPLIST_KEY_UISupportedInterfaceOrientations_iPhone = "UIInterfaceOrientationPortrait UIInterfaceOrientationLandscapeLeft UIInterfaceOrientationLandscapeRight";
				LD_RUNPATH_SEARCH_PATHS = (
					"$(inherited)",
					"@executable_path/Frameworks",
				);
				MARKETING_VERSION = 1.0;
				PRODUCT_BUNDLE_IDENTIFIER = com.sungjunlee.DooriDoori;
				PRODUCT_NAME = "$(TARGET_NAME)";
				STRING_CATALOG_GENERATE_SYMBOLS = YES;
				SWIFT_APPROACHABLE_CONCURRENCY = YES;
				SWIFT_DEFAULT_ACTOR_ISOLATION = MainActor;
				SWIFT_EMIT_LOC_STRINGS = YES;
				SWIFT_UPCOMING_FEATURE_MEMBER_IMPORT_VISIBILITY = YES;
				SWIFT_VERSION = 5.0;
				TARGETED_DEVICE_FAMILY = "1,2";
			};
			name = Release;
		};
		88935DFA2FA8830900F62CF1 /* Debug */ = {
			isa = XCBuildConfiguration;
			buildSettings = {
				BUNDLE_LOADER = "$(TEST_HOST)";
				CODE_SIGN_STYLE = Automatic;
				CURRENT_PROJECT_VERSION = 1;
				DEVELOPMENT_TEAM = P786RFNH6J;
				GENERATE_INFOPLIST_FILE = YES;
				IPHONEOS_DEPLOYMENT_TARGET = 26.4;
				MARKETING_VERSION = 1.0;
				PRODUCT_BUNDLE_IDENTIFIER = com.sungjunlee.DooriDooriTests;
				PRODUCT_NAME = "$(TARGET_NAME)";
				STRING_CATALOG_GENERATE_SYMBOLS = NO;
				SWIFT_APPROACHABLE_CONCURRENCY = YES;
				SWIFT_EMIT_LOC_STRINGS = NO;
				SWIFT_UPCOMING_FEATURE_MEMBER_IMPORT_VISIBILITY = YES;
				SWIFT_VERSION = 5.0;
				TARGETED_DEVICE_FAMILY = "1,2";
				TEST_HOST = "$(BUILT_PRODUCTS_DIR)/DooriDoori.app/$(BUNDLE_EXECUTABLE_FOLDER_PATH)/DooriDoori";
			};
			name = Debug;
		};
		88935DFB2FA8830900F62CF1 /* Release */ = {
			isa = XCBuildConfiguration;
			buildSettings = {
				BUNDLE_LOADER = "$(TEST_HOST)";
				CODE_SIGN_STYLE = Automatic;
				CURRENT_PROJECT_VERSION = 1;
				DEVELOPMENT_TEAM = P786RFNH6J;
				GENERATE_INFOPLIST_FILE = YES;
				IPHONEOS_DEPLOYMENT_TARGET = 26.4;
				MARKETING_VERSION = 1.0;
				PRODUCT_BUNDLE_IDENTIFIER = com.sungjunlee.DooriDooriTests;
				PRODUCT_NAME = "$(TARGET_NAME)";
				STRING_CATALOG_GENERATE_SYMBOLS = NO;
				SWIFT_APPROACHABLE_CONCURRENCY = YES;
				SWIFT_EMIT_LOC_STRINGS = NO;
				SWIFT_UPCOMING_FEATURE_MEMBER_IMPORT_VISIBILITY = YES;
				SWIFT_VERSION = 5.0;
				TARGETED_DEVICE_FAMILY = "1,2";
				TEST_HOST = "$(BUILT_PRODUCTS_DIR)/DooriDoori.app/$(BUNDLE_EXECUTABLE_FOLDER_PATH)/DooriDoori";
			};
			name = Release;
		};
		88935DFD2FA8830900F62CF1 /* Debug */ = {
			isa = XCBuildConfiguration;
			buildSettings = {
				CODE_SIGN_STYLE = Automatic;
				CURRENT_PROJECT_VERSION = 1;
				DEVELOPMENT_TEAM = P786RFNH6J;
				GENERATE_INFOPLIST_FILE = YES;
				MARKETING_VERSION = 1.0;
				PRODUCT_BUNDLE_IDENTIFIER = com.sungjunlee.DooriDooriUITests;
				PRODUCT_NAME = "$(TARGET_NAME)";
				STRING_CATALOG_GENERATE_SYMBOLS = NO;
				SWIFT_APPROACHABLE_CONCURRENCY = YES;
				SWIFT_EMIT_LOC_STRINGS = NO;
				SWIFT_UPCOMING_FEATURE_MEMBER_IMPORT_VISIBILITY = YES;
				SWIFT_VERSION = 5.0;
				TARGETED_DEVICE_FAMILY = "1,2";
				TEST_TARGET_NAME = DooriDoori;
			};
			name = Debug;
		};
		88935DFE2FA8830900F62CF1 /* Release */ = {
			isa = XCBuildConfiguration;
			buildSettings = {
				CODE_SIGN_STYLE = Automatic;
				CURRENT_PROJECT_VERSION = 1;
				DEVELOPMENT_TEAM = P786RFNH6J;
				GENERATE_INFOPLIST_FILE = YES;
				MARKETING_VERSION = 1.0;
				PRODUCT_BUNDLE_IDENTIFIER = com.sungjunlee.DooriDooriUITests;
				PRODUCT_NAME = "$(TARGET_NAME)";
				STRING_CATALOG_GENERATE_SYMBOLS = NO;
				SWIFT_APPROACHABLE_CONCURRENCY = YES;
				SWIFT_EMIT_LOC_STRINGS = NO;
				SWIFT_UPCOMING_FEATURE_MEMBER_IMPORT_VISIBILITY = YES;
				SWIFT_VERSION = 5.0;
				TARGETED_DEVICE_FAMILY = "1,2";
				TEST_TARGET_NAME = DooriDoori;
			};
			name = Release;
		};
/* End XCBuildConfiguration section */

/* Begin XCConfigurationList section */
		88935DD02FA8830600F62CF1 /* Build configuration list for PBXProject "DooriDoori" */ = {
			isa = XCConfigurationList;
			buildConfigurations = (
				88935DF42FA8830900F62CF1 /* Debug */,
				88935DF52FA8830900F62CF1 /* Release */,
			);
			defaultConfigurationIsVisible = 0;
			defaultConfigurationName = Release;
		};
		88935DF62FA8830900F62CF1 /* Build configuration list for PBXNativeTarget "DooriDoori" */ = {
			isa = XCConfigurationList;
			buildConfigurations = (
				88935DF72FA8830900F62CF1 /* Debug */,
				88935DF82FA8830900F62CF1 /* Release */,
			);
			defaultConfigurationIsVisible = 0;
			defaultConfigurationName = Release;
		};
		88935DF92FA8830900F62CF1 /* Build configuration list for PBXNativeTarget "DooriDooriTests" */ = {
			isa = XCConfigurationList;
			buildConfigurations = (
				88935DFA2FA8830900F62CF1 /* Debug */,
				88935DFB2FA8830900F62CF1 /* Release */,
			);
			defaultConfigurationIsVisible = 0;
			defaultConfigurationName = Release;
		};
		88935DFC2FA8830900F62CF1 /* Build configuration list for PBXNativeTarget "DooriDooriUITests" */ = {
			isa = XCConfigurationList;
			buildConfigurations = (
				88935DFD2FA8830900F62CF1 /* Debug */,
				88935DFE2FA8830900F62CF1 /* Release */,
			);
			defaultConfigurationIsVisible = 0;
			defaultConfigurationName = Release;
		};
/* End XCConfigurationList section */

/* Begin XCRemoteSwiftPackageReference section */
		88DF09E12FB53AB1002F8377 /* XCRemoteSwiftPackageReference "supabase-swift" */ = {
			isa = XCRemoteSwiftPackageReference;
			repositoryURL = "https://github.com/supabase/supabase-swift";
			requirement = {
				kind = upToNextMajorVersion;
				minimumVersion = 2.5.1;
			};
		};
/* End XCRemoteSwiftPackageReference section */

/* Begin XCSwiftPackageProductDependency section */
		88DF09E22FB53AB1002F8377 /* Supabase */ = {
			isa = XCSwiftPackageProductDependency;
			package = 88DF09E12FB53AB1002F8377 /* XCRemoteSwiftPackageReference "supabase-swift" */;
			productName = Supabase;
		};
/* End XCSwiftPackageProductDependency section */
	};
	rootObject = 88935DCD2FA8830600F62CF1 /* Project object */;
}
